PODS:
  - AmazonIVSBroadcast/Stages (1.24.0)
  - AmazonIVSChat (1.0.0):
    - AmazonIVSChat/Messaging (= 1.0.0)
  - AmazonIVSChat/Messaging (1.0.0)
  - AmazonIVSPlayer (1.35.0)
  - Flutter (1.0.0)
  - integration_test (0.0.1):
    - Flutter
  - ivs_broadcaster (0.0.1):
    - AmazonIVSBroadcast/Stages
    - AmazonIVSChat
    - AmazonIVSPlayer
    - Flutter
  - permission_handler_apple (9.3.0):
    - Flutter

DEPENDENCIES:
  - Flutter (from `Flutter`)
  - integration_test (from `.symlinks/plugins/integration_test/ios`)
  - ivs_broadcaster (from `.symlinks/plugins/ivs_broadcaster/ios`)
  - permission_handler_apple (from `.symlinks/plugins/permission_handler_apple/ios`)

SPEC REPOS:
  trunk:
    - AmazonIVSBroadcast
    - AmazonIVSChat
    - AmazonIVSPlayer

EXTERNAL SOURCES:
  Flutter:
    :path: Flutter
  integration_test:
    :path: ".symlinks/plugins/integration_test/ios"
  ivs_broadcaster:
    :path: ".symlinks/plugins/ivs_broadcaster/ios"
  permission_handler_apple:
    :path: ".symlinks/plugins/permission_handler_apple/ios"

SPEC CHECKSUMS:
  AmazonIVSBroadcast: 15f5bb3cd5c26c28322b1a6cd2796340d6d1ff77
  AmazonIVSChat: 62d4e654c4b16b7e62d43048a0e548efd145f183
  AmazonIVSPlayer: d9306b6410cb41884d52332e9d18bbf500ecbdc3
  Flutter: e0871f40cf51350855a761d2e70bf5af5b9b5de7
  integration_test: 252f60fa39af5e17c3aa9899d35d908a0721b573
  ivs_broadcaster: bbcdd7d5145ed96ac412fce949a6b3cbda29b22d
  permission_handler_apple: 9878588469a2b0d0fc1e048d9f43605f92e6cec2

PODFILE CHECKSUM: 72cc67971342a98e455a4a931dd64b2aec455cd5

COCOAPODS: 1.15.2
